# This file was autogenerated by Stack.
# You should not edit this file by hand.
# For more information, please see the documentation at:
#   https://docs.haskellstack.org/en/stable/lock_files

packages:
- completed:
    hackage: polysemy-plugin-0.2.5.0@sha256:67e30be568a141b852aace1a60e180cb5060fbb2835365a81a3ea779536d6d35,2952
    pantry-tree:
      size: 1232
      sha256: 5c90dac2eba48b4e337b302347c233ecaedb63e333641e094e718a548ac86711
  original:
    hackage: polysemy-plugin-0.2.5.0@sha256:67e30be568a141b852aace1a60e180cb5060fbb2835365a81a3ea779536d6d35,2952
- completed:
    hackage: polysemy-zoo-0.7.0.0@sha256:e98ba9620128df8f8aea6adec5a0e324103324a2d2368930a2e214a2c334551b,3900
    pantry-tree:
      size: 3049
      sha256: 5cc724e74ed56436891e15ce23b82ce432f9e9f735c5111847988f8854009815
  original:
    hackage: polysemy-zoo-0.7.0.0@sha256:e98ba9620128df8f8aea6adec5a0e324103324a2d2368930a2e214a2c334551b,3900
- completed:
    hackage: compact-0.2.0.0@sha256:9c5785bdc178ea6cf8f514ad35a78c64220e3cdb22216534e4cf496765551c7e,2345
    pantry-tree:
      size: 546
      sha256: 6f7da573fbcddc109e1521edc07f1b34d7506473a3930074453e829daf901d71
  original:
    hackage: compact-0.2.0.0@sha256:9c5785bdc178ea6cf8f514ad35a78c64220e3cdb22216534e4cf496765551c7e,2345
- completed:
    hackage: ghc-tcplugins-extra-0.3.2@sha256:1bbfd4449c3669a31618ea0ebc5d00d980a53988daad3b6218bab5c8cdff268d,1687
    pantry-tree:
      size: 331
      sha256: 4b16989344380c912e476dc232cc58264837b498e31a8bf16a17092ba6c1cfb9
  original:
    hackage: ghc-tcplugins-extra-0.3.2@sha256:1bbfd4449c3669a31618ea0ebc5d00d980a53988daad3b6218bab5c8cdff268d,1687
- completed:
    hackage: HsOpenSSL-x509-system-0.1.0.3@sha256:f4958ee0eec555c5c213662eff6764bddefe5665e2afcfd32733ce3801a9b687,1774
    pantry-tree:
      size: 503
      sha256: 2a097abbccc0382ebb565c8ab9932628f33471607c2174303c3c930d7685bd18
  original:
    hackage: HsOpenSSL-x509-system-0.1.0.3@sha256:f4958ee0eec555c5c213662eff6764bddefe5665e2afcfd32733ce3801a9b687,1774
- completed:
    hackage: network-arbitrary-0.6.0.0@sha256:a7034d63295dfc41cf559ee705fc95cac9a9a01b4715300f590eaa237b5ffd48,2506
    pantry-tree:
      size: 915
      sha256: 97b797944cf068eb5fde620e005e253818f03068b2c20e9cfdd3aaa6cafcb678
  original:
    hackage: network-arbitrary-0.6.0.0@sha256:a7034d63295dfc41cf559ee705fc95cac9a9a01b4715300f590eaa237b5ffd48,2506
- completed:
    hackage: constraints-0.11.2@sha256:d028005d93f891b48b61ff0c82c6f868859eb728010dea3e355b0c55d0f57cf9,2219
    pantry-tree:
      size: 867
      sha256: 3c71f74be6758642190c7d116d43eb980f4128e1595a849af4295610f752745c
  original:
    hackage: constraints-0.11.2@sha256:d028005d93f891b48b61ff0c82c6f868859eb728010dea3e355b0c55d0f57cf9,2219
- completed:
    name: cryptobox-haskell
    version: 0.1.1
    git: https://github.com/wireapp/cryptobox-haskell.git
    pantry-tree:
      size: 279
      sha256: 305ec9cea3ea3188231439ee9459c89a100160f036fbd743be7f436ff821218b
    commit: 3a65e2fa055ae2f4ffaea4c168a3edfe8958d84d
  original:
    git: https://github.com/wireapp/cryptobox-haskell.git
    commit: 3a65e2fa055ae2f4ffaea4c168a3edfe8958d84d
- completed:
    name: polysemy-mocks
    version: 0.1.0.0
    git: https://github.com/akshaymankar/polysemy-mocks.git
    pantry-tree:
      size: 950
      sha256: c511703948de31e6ecccc45f485a26b72fdbd6c88222347ee5aba4add0882484
    commit: 4139c208fec5d8f9b0a1c7881e84db484489decd
  original:
    git: https://github.com/akshaymankar/polysemy-mocks.git
    commit: 4139c208fec5d8f9b0a1c7881e84db484489decd
snapshots:
- completed:
    size: 531707
    url: https://raw.githubusercontent.com/commercialhaskell/stackage-snapshots/master/lts/16/5.yaml
    sha256: 9751e25e0af5713a53ddcfcc79564b082c71b1b357fadef0d85672a5b5ba3703
  original: lts-16.5
