# This file was autogenerated by Stack.
# You should not edit this file by hand.
# For more information, please see the documentation at:
#   https://docs.haskellstack.org/en/stable/lock_files

packages:
- completed:
    hackage: autopack-0.0.0.0@sha256:f3b45edca97afdebe31510568bffad0304b6975d5d91182c50313bb22fccbf0a,2360
    pantry-tree:
      size: 264
      sha256: 507f26937c766b986b7f54b91f2e2af020d951b1e379cf20a8161fc2479f784e
  original:
    hackage: autopack-0.0.0.0@sha256:f3b45edca97afdebe31510568bffad0304b6975d5d91182c50313bb22fccbf0a,2360
- completed:
    hackage: dir-traverse-0.2.2.3@sha256:cbb1e3d0d1f9a3cfcbdc58071fba8a2063bae36bab68279647a331f9a408c18a,2137
    pantry-tree:
      size: 389
      sha256: ba5b192c9bbd353ca46b3d308d4519ecf7a298e1d559c4350ddcee9591112246
  original:
    hackage: dir-traverse-0.2.2.3@sha256:cbb1e3d0d1f9a3cfcbdc58071fba8a2063bae36bab68279647a331f9a408c18a,2137
- completed:
    hackage: polysemy-1.3.0.0@sha256:bf1d559c7e26e8a0ed31fc45d84635e329a4a31bfd39e713a39adf639bcbd309,6141
    pantry-tree:
      size: 4309
      sha256: 770af8c91981ccb8fe388ba62897fdf4eb394df433ab10def66d6e111b6f09f7
  original:
    hackage: polysemy-1.3.0.0
- completed:
    hackage: polysemy-plugin-0.2.5.0@sha256:67e30be568a141b852aace1a60e180cb5060fbb2835365a81a3ea779536d6d35,2952
    pantry-tree:
      size: 1232
      sha256: 5c90dac2eba48b4e337b302347c233ecaedb63e333641e094e718a548ac86711
  original:
    hackage: polysemy-plugin-0.2.5.0
- completed:
    hackage: base64-0.4.1@sha256:aedc26f581f81a112af588eec8cf9c2e8db219a60fafc1cb77fd73672f1f7dcb,2832
    pantry-tree:
      size: 1184
      sha256: 51a4bbf7742a9ce771b56c2ec5c22e2d6aac4394a712949c111b86c4b3040c80
  original:
    hackage: base64-0.4.1@sha256:aedc26f581f81a112af588eec8cf9c2e8db219a60fafc1cb77fd73672f1f7dcb,2832
- completed:
    hackage: ghc-tcplugins-extra-0.3.2@sha256:1bbfd4449c3669a31618ea0ebc5d00d980a53988daad3b6218bab5c8cdff268d,1687
    pantry-tree:
      size: 331
      sha256: 4b16989344380c912e476dc232cc58264837b498e31a8bf16a17092ba6c1cfb9
  original:
    hackage: ghc-tcplugins-extra-0.3.2@sha256:1bbfd4449c3669a31618ea0ebc5d00d980a53988daad3b6218bab5c8cdff268d,1687
- completed:
    hackage: HsOpenSSL-x509-system-0.1.0.3@sha256:f4958ee0eec555c5c213662eff6764bddefe5665e2afcfd32733ce3801a9b687,1774
    pantry-tree:
      size: 503
      sha256: 2a097abbccc0382ebb565c8ab9932628f33471607c2174303c3c930d7685bd18
  original:
    hackage: HsOpenSSL-x509-system-0.1.0.3@sha256:f4958ee0eec555c5c213662eff6764bddefe5665e2afcfd32733ce3801a9b687,1774
- completed:
    cabal-file:
      size: 1150
      sha256: bbb1a78c1c8a2fe2a7b46a734f3b60754a86e07f07a1a27d781f121831918289
    name: cryptobox-haskell
    version: 0.1.1
    git: https://github.com/wireapp/cryptobox-haskell.git
    pantry-tree:
      size: 279
      sha256: 2b1c19494263d1c6f88654b72ff4e0cc3b54a02cc81f8587899336e99c8a662f
    commit: 7546a1a25635ef65183e3d44c1052285e8401608
  original:
    git: https://github.com/wireapp/cryptobox-haskell.git
    commit: 7546a1a25635ef65183e3d44c1052285e8401608
snapshots:
- completed:
    size: 492015
    url: https://raw.githubusercontent.com/commercialhaskell/stackage-snapshots/master/lts/15/8.yaml
    sha256: 926bc3d70249dd0ba05277ff00943c0addb35b627cb641752669e7cf771310d0
  original: lts-15.8
